
Microsoft Visual Studio Solution File, Format Version 12.00
# Visual Studio 15
VisualStudioVersion = 15.0.28307.757
MinimumVisualStudioVersion = 10.0.40219.1
Project("{DA7A21FA-8162-4350-AD77-A8D1B671F3ED}") = "2019_TMU_Biostatistics", "2019_TMU_Biostatistics\2019_TMU_Biostatistics.rxproj", "{728C8BDC-BDC1-4751-97EF-EA0710FC499B}"
EndProject
Global
	GlobalSection(SolutionConfigurationPlatforms) = preSolution
		Debug|Any CPU = Debug|Any CPU
		Release|Any CPU = Release|Any CPU
	EndGlobalSection
	GlobalSection(ProjectConfigurationPlatforms) = postSolution
		{728C8BDC-BDC1-4751-97EF-EA0710FC499B}.Debug|Any CPU.ActiveCfg = Debug|Any CPU
		{728C8BDC-BDC1-4751-97EF-EA0710FC499B}.Debug|Any CPU.Build.0 = Debug|Any CPU
		{728C8BDC-BDC1-4751-97EF-EA0710FC499B}.Release|Any CPU.ActiveCfg = Release|Any CPU
		{728C8BDC-BDC1-4751-97EF-EA0710FC499B}.Release|Any CPU.Build.0 = Release|Any CPU
	EndGlobalSection
	GlobalSection(SolutionProperties) = preSolution
		HideSolutionNode = FALSE
	EndGlobalSection
	GlobalSection(ExtensibilityGlobals) = postSolution
		SolutionGuid = {8EA00379-7BB2-48B6-B2F1-C0426A096FE7}
	EndGlobalSection
EndGlobal
